
Microsoft Visual Studio Solution File, Format Version 12.00
# Visual Studio 15
VisualStudioVersion = 15.0.28010.2041
MinimumVisualStudioVersion = 10.0.40219.1
Project("{2150E333-8FDC-42A3-9474-1A3956D46DE8}") = "01 eventos", "01 eventos", "{39C0490E-1B72-42C2-8043-A3A398A4E5F8}"
EndProject
Project("{2150E333-8FDC-42A3-9474-1A3956D46DE8}") = "02 linq", "02 linq", "{1251E13E-E3F5-42F1-A998-60D096B86887}"
EndProject
Project("{2150E333-8FDC-42A3-9474-1A3956D46DE8}") = "01.01 criar eventos", "01.01 criar eventos", "{63C3432E-B18E-4843-B20F-BA985149B7CC}"
EndProject
Project("{2150E333-8FDC-42A3-9474-1A3956D46DE8}") = "01.02 assinar eventos", "01.02 assinar eventos", "{5A71E63B-51FD-4DAF-BCB0-DA3FE10F18A7}"
EndProject
Project("{2150E333-8FDC-42A3-9474-1A3956D46DE8}") = "01.03 delegados", "01.03 delegados", "{5C37735D-6AC9-437E-B840-C044CE83EB93}"
EndProject
Project("{2150E333-8FDC-42A3-9474-1A3956D46DE8}") = "01.04 lambda", "01.04 lambda", "{378CCCA9-1EB7-4C5F-9699-6AEB6451C74C}"
EndProject
Project("{2150E333-8FDC-42A3-9474-1A3956D46DE8}") = "02.01 consultar", "02.01 consultar", "{A41FF17C-4E04-4838-B7F5-FB8452669B57}"
EndProject
Project("{2150E333-8FDC-42A3-9474-1A3956D46DE8}") = "02.02 sintaxe de consulta", "02.02 sintaxe de consulta", "{DBB4E0D7-9DCE-4D70-93EF-BC7D645C9F9B}"
EndProject
Project("{2150E333-8FDC-42A3-9474-1A3956D46DE8}") = "02.04 forcar execucao", "02.04 forcar execucao", "{B9CE7BE5-6394-4096-AE55-4824502C92E1}"
EndProject
Project("{2150E333-8FDC-42A3-9474-1A3956D46DE8}") = "02.05 linq to xml", "02.05 linq to xml", "{CB3DFBF1-56B0-41F6-B744-FFED7E0EFE4E}"
EndProject
Project("{9A19103F-16F7-4668-BE54-9A1E7A4F7556}") = "01.04", "01\01.04\depois\01.04.csproj", "{1A67EBC2-7033-4B9D-ADB2-ABAAF664DB57}"
EndProject
Project("{2150E333-8FDC-42A3-9474-1A3956D46DE8}") = "antes", "antes", "{5B0162FC-D240-4416-9368-D94BDDBC6CF9}"
EndProject
Project("{2150E333-8FDC-42A3-9474-1A3956D46DE8}") = "depois", "depois", "{A0522E26-B550-4CED-BE0B-139527EDDA03}"
EndProject
Project("{2150E333-8FDC-42A3-9474-1A3956D46DE8}") = "antes", "antes", "{B8FFCBAA-B3A5-4596-AAE2-5FC985092AA0}"
EndProject
Project("{2150E333-8FDC-42A3-9474-1A3956D46DE8}") = "depois", "depois", "{9FCD929A-9295-4BE2-ADA5-2196ABBB4057}"
EndProject
Project("{2150E333-8FDC-42A3-9474-1A3956D46DE8}") = "antes", "antes", "{02F927D4-D508-4F5B-8F3A-CCCAF26AD711}"
EndProject
Project("{2150E333-8FDC-42A3-9474-1A3956D46DE8}") = "depois", "depois", "{CFE2E965-7375-409C-A1F9-D8EBE17A9521}"
EndProject
Project("{2150E333-8FDC-42A3-9474-1A3956D46DE8}") = "antes", "antes", "{97FF5836-0C8B-4FAF-84BE-D87827121D14}"
EndProject
Project("{2150E333-8FDC-42A3-9474-1A3956D46DE8}") = "depois", "depois", "{223FF7E0-B729-4DA2-885E-4320BDBB9DAF}"
EndProject
Project("{2150E333-8FDC-42A3-9474-1A3956D46DE8}") = "antes", "antes", "{9B378449-A8A7-4BD9-B6A3-5D44B705897F}"
EndProject
Project("{2150E333-8FDC-42A3-9474-1A3956D46DE8}") = "depois", "depois", "{2ED45B10-BA6A-4CEB-A8A4-656B02A58E87}"
EndProject
Project("{2150E333-8FDC-42A3-9474-1A3956D46DE8}") = "antes", "antes", "{79A1CEEF-DAEA-4D6E-8866-C8E421CFFB31}"
EndProject
Project("{2150E333-8FDC-42A3-9474-1A3956D46DE8}") = "depois", "depois", "{04ED84BF-9737-443E-8E68-85811970588B}"
EndProject
Project("{2150E333-8FDC-42A3-9474-1A3956D46DE8}") = "antes", "antes", "{482770C2-BB3B-42B7-8AC7-84DFFA519470}"
EndProject
Project("{2150E333-8FDC-42A3-9474-1A3956D46DE8}") = "depois", "depois", "{3489AE12-3827-485D-826C-6E1BC071BFBF}"
EndProject
Project("{2150E333-8FDC-42A3-9474-1A3956D46DE8}") = "antes", "antes", "{46142056-AF45-40F8-A7E0-45F9F462BA68}"
EndProject
Project("{2150E333-8FDC-42A3-9474-1A3956D46DE8}") = "depois", "depois", "{58BB5A3B-F1DC-4922-8133-6FEE89A57D88}"
EndProject
Project("{9A19103F-16F7-4668-BE54-9A1E7A4F7556}") = "01.01", "01\01.01\depois\01.01.csproj", "{675E97EC-BD25-445E-96CE-EABFC44B65C9}"
EndProject
Project("{9A19103F-16F7-4668-BE54-9A1E7A4F7556}") = "01.02", "01\01.02\depois\01.02.csproj", "{2CC6EBD6-2FD5-47A1-88E3-9C3EBB7B216A}"
EndProject
Project("{9A19103F-16F7-4668-BE54-9A1E7A4F7556}") = "01.03", "01\01.03\depois\01.03.csproj", "{E838F75B-E270-482F-9983-D64AC88C491A}"
EndProject
Project("{9A19103F-16F7-4668-BE54-9A1E7A4F7556}") = "02.01", "02\02.01\depois\02.01.csproj", "{6AD00ADB-304D-4322-95B2-1A5DC96F6435}"
EndProject
Project("{9A19103F-16F7-4668-BE54-9A1E7A4F7556}") = "02.04", "02\02.04\depois\02.04.csproj", "{A709216F-CDD8-40A8-A813-45FF812448E5}"
EndProject
Project("{9A19103F-16F7-4668-BE54-9A1E7A4F7556}") = "02.05", "02\02.05\depois\02.05.csproj", "{31363B6C-DBA9-465A-846D-38EF40AA2A3F}"
EndProject
Project("{9A19103F-16F7-4668-BE54-9A1E7A4F7556}") = "01.01_pratique", "01\01.01\antes\01.01_pratique.csproj", "{D536A868-481C-4F5F-8B12-7A805753A31D}"
EndProject
Project("{9A19103F-16F7-4668-BE54-9A1E7A4F7556}") = "01.02_pratique", "01\01.02\antes\01.02_pratique.csproj", "{ACB41EC4-9C4B-4580-9AFD-586E81296714}"
EndProject
Project("{9A19103F-16F7-4668-BE54-9A1E7A4F7556}") = "01.03_pratique", "01\01.03\antes\01.03_pratique.csproj", "{CE2BEB8F-2C29-4140-952A-1A08DF5D8B11}"
EndProject
Project("{9A19103F-16F7-4668-BE54-9A1E7A4F7556}") = "01.04_pratique", "01\01.04\antes\01.04_pratique.csproj", "{97CD30E0-95BA-4B86-9040-AB5FF0A5224E}"
EndProject
Project("{9A19103F-16F7-4668-BE54-9A1E7A4F7556}") = "02.01_pratique", "02\02.01\antes\02.01_pratique.csproj", "{5827C275-0F57-4C6E-AF71-1D20F01E4B56}"
EndProject
Project("{9A19103F-16F7-4668-BE54-9A1E7A4F7556}") = "02.02_pratique", "02\02.02\antes\02.02_pratique.csproj", "{6BD305D0-7F46-4B3A-8436-6A030819DAAA}"
EndProject
Project("{9A19103F-16F7-4668-BE54-9A1E7A4F7556}") = "02.02", "02\02.02\depois\02.02.csproj", "{56056E40-B55B-43BC-9CBE-B3F494494DCA}"
EndProject
Project("{2150E333-8FDC-42A3-9474-1A3956D46DE8}") = "02.03 sintaxe de método", "02.03 sintaxe de método", "{7C65E95F-251C-49C5-835F-13F578A7E80C}"
EndProject
Project("{2150E333-8FDC-42A3-9474-1A3956D46DE8}") = "antes", "antes", "{83FC2ECC-F746-40D1-874C-28CDB1EDBCA4}"
EndProject
Project("{2150E333-8FDC-42A3-9474-1A3956D46DE8}") = "depois", "depois", "{71D5C0ED-08EF-46B7-99DB-49F857684169}"
EndProject
Project("{9A19103F-16F7-4668-BE54-9A1E7A4F7556}") = "02.03", "02\02.03\depois\02.03.csproj", "{1079DD41-0331-41F0-B955-D1F724E32193}"
EndProject
Project("{9A19103F-16F7-4668-BE54-9A1E7A4F7556}") = "02.03_pratique", "02\02.03\antes\02.03_pratique.csproj", "{E32D37C0-1815-4499-B0E9-33033FA66D1B}"
EndProject
Project("{9A19103F-16F7-4668-BE54-9A1E7A4F7556}") = "02.04_pratique", "02\02.04\antes\02.04_pratique.csproj", "{D8B6F90F-4D68-4BF7-851C-06D135DE81D4}"
EndProject
Project("{9A19103F-16F7-4668-BE54-9A1E7A4F7556}") = "02.05_pratique", "02\02.05\antes\02.05_pratique.csproj", "{37450C97-DEF6-434C-9EE5-8ADC76A038C5}"
EndProject
Global
	GlobalSection(SolutionConfigurationPlatforms) = preSolution
		Debug|Any CPU = Debug|Any CPU
		Release|Any CPU = Release|Any CPU
	EndGlobalSection
	GlobalSection(ProjectConfigurationPlatforms) = postSolution
		{1A67EBC2-7033-4B9D-ADB2-ABAAF664DB57}.Debug|Any CPU.ActiveCfg = Debug|Any CPU
		{1A67EBC2-7033-4B9D-ADB2-ABAAF664DB57}.Debug|Any CPU.Build.0 = Debug|Any CPU
		{1A67EBC2-7033-4B9D-ADB2-ABAAF664DB57}.Release|Any CPU.ActiveCfg = Release|Any CPU
		{1A67EBC2-7033-4B9D-ADB2-ABAAF664DB57}.Release|Any CPU.Build.0 = Release|Any CPU
		{675E97EC-BD25-445E-96CE-EABFC44B65C9}.Debug|Any CPU.ActiveCfg = Debug|Any CPU
		{675E97EC-BD25-445E-96CE-EABFC44B65C9}.Debug|Any CPU.Build.0 = Debug|Any CPU
		{675E97EC-BD25-445E-96CE-EABFC44B65C9}.Release|Any CPU.ActiveCfg = Release|Any CPU
		{675E97EC-BD25-445E-96CE-EABFC44B65C9}.Release|Any CPU.Build.0 = Release|Any CPU
		{2CC6EBD6-2FD5-47A1-88E3-9C3EBB7B216A}.Debug|Any CPU.ActiveCfg = Debug|Any CPU
		{2CC6EBD6-2FD5-47A1-88E3-9C3EBB7B216A}.Debug|Any CPU.Build.0 = Debug|Any CPU
		{2CC6EBD6-2FD5-47A1-88E3-9C3EBB7B216A}.Release|Any CPU.ActiveCfg = Release|Any CPU
		{2CC6EBD6-2FD5-47A1-88E3-9C3EBB7B216A}.Release|Any CPU.Build.0 = Release|Any CPU
		{E838F75B-E270-482F-9983-D64AC88C491A}.Debug|Any CPU.ActiveCfg = Debug|Any CPU
		{E838F75B-E270-482F-9983-D64AC88C491A}.Debug|Any CPU.Build.0 = Debug|Any CPU
		{E838F75B-E270-482F-9983-D64AC88C491A}.Release|Any CPU.ActiveCfg = Release|Any CPU
		{E838F75B-E270-482F-9983-D64AC88C491A}.Release|Any CPU.Build.0 = Release|Any CPU
		{6AD00ADB-304D-4322-95B2-1A5DC96F6435}.Debug|Any CPU.ActiveCfg = Debug|Any CPU
		{6AD00ADB-304D-4322-95B2-1A5DC96F6435}.Debug|Any CPU.Build.0 = Debug|Any CPU
		{6AD00ADB-304D-4322-95B2-1A5DC96F6435}.Release|Any CPU.ActiveCfg = Release|Any CPU
		{6AD00ADB-304D-4322-95B2-1A5DC96F6435}.Release|Any CPU.Build.0 = Release|Any CPU
		{A709216F-CDD8-40A8-A813-45FF812448E5}.Debug|Any CPU.ActiveCfg = Debug|Any CPU
		{A709216F-CDD8-40A8-A813-45FF812448E5}.Debug|Any CPU.Build.0 = Debug|Any CPU
		{A709216F-CDD8-40A8-A813-45FF812448E5}.Release|Any CPU.ActiveCfg = Release|Any CPU
		{A709216F-CDD8-40A8-A813-45FF812448E5}.Release|Any CPU.Build.0 = Release|Any CPU
		{31363B6C-DBA9-465A-846D-38EF40AA2A3F}.Debug|Any CPU.ActiveCfg = Debug|Any CPU
		{31363B6C-DBA9-465A-846D-38EF40AA2A3F}.Debug|Any CPU.Build.0 = Debug|Any CPU
		{31363B6C-DBA9-465A-846D-38EF40AA2A3F}.Release|Any CPU.ActiveCfg = Release|Any CPU
		{31363B6C-DBA9-465A-846D-38EF40AA2A3F}.Release|Any CPU.Build.0 = Release|Any CPU
		{D536A868-481C-4F5F-8B12-7A805753A31D}.Debug|Any CPU.ActiveCfg = Debug|Any CPU
		{D536A868-481C-4F5F-8B12-7A805753A31D}.Debug|Any CPU.Build.0 = Debug|Any CPU
		{D536A868-481C-4F5F-8B12-7A805753A31D}.Release|Any CPU.ActiveCfg = Release|Any CPU
		{D536A868-481C-4F5F-8B12-7A805753A31D}.Release|Any CPU.Build.0 = Release|Any CPU
		{ACB41EC4-9C4B-4580-9AFD-586E81296714}.Debug|Any CPU.ActiveCfg = Debug|Any CPU
		{ACB41EC4-9C4B-4580-9AFD-586E81296714}.Debug|Any CPU.Build.0 = Debug|Any CPU
		{ACB41EC4-9C4B-4580-9AFD-586E81296714}.Release|Any CPU.ActiveCfg = Release|Any CPU
		{ACB41EC4-9C4B-4580-9AFD-586E81296714}.Release|Any CPU.Build.0 = Release|Any CPU
		{CE2BEB8F-2C29-4140-952A-1A08DF5D8B11}.Debug|Any CPU.ActiveCfg = Debug|Any CPU
		{CE2BEB8F-2C29-4140-952A-1A08DF5D8B11}.Debug|Any CPU.Build.0 = Debug|Any CPU
		{CE2BEB8F-2C29-4140-952A-1A08DF5D8B11}.Release|Any CPU.ActiveCfg = Release|Any CPU
		{CE2BEB8F-2C29-4140-952A-1A08DF5D8B11}.Release|Any CPU.Build.0 = Release|Any CPU
		{97CD30E0-95BA-4B86-9040-AB5FF0A5224E}.Debug|Any CPU.ActiveCfg = Debug|Any CPU
		{97CD30E0-95BA-4B86-9040-AB5FF0A5224E}.Debug|Any CPU.Build.0 = Debug|Any CPU
		{97CD30E0-95BA-4B86-9040-AB5FF0A5224E}.Release|Any CPU.ActiveCfg = Release|Any CPU
		{97CD30E0-95BA-4B86-9040-AB5FF0A5224E}.Release|Any CPU.Build.0 = Release|Any CPU
		{5827C275-0F57-4C6E-AF71-1D20F01E4B56}.Debug|Any CPU.ActiveCfg = Debug|Any CPU
		{5827C275-0F57-4C6E-AF71-1D20F01E4B56}.Debug|Any CPU.Build.0 = Debug|Any CPU
		{5827C275-0F57-4C6E-AF71-1D20F01E4B56}.Release|Any CPU.ActiveCfg = Release|Any CPU
		{5827C275-0F57-4C6E-AF71-1D20F01E4B56}.Release|Any CPU.Build.0 = Release|Any CPU
		{6BD305D0-7F46-4B3A-8436-6A030819DAAA}.Debug|Any CPU.ActiveCfg = Debug|Any CPU
		{6BD305D0-7F46-4B3A-8436-6A030819DAAA}.Debug|Any CPU.Build.0 = Debug|Any CPU
		{6BD305D0-7F46-4B3A-8436-6A030819DAAA}.Release|Any CPU.ActiveCfg = Release|Any CPU
		{6BD305D0-7F46-4B3A-8436-6A030819DAAA}.Release|Any CPU.Build.0 = Release|Any CPU
		{56056E40-B55B-43BC-9CBE-B3F494494DCA}.Debug|Any CPU.ActiveCfg = Debug|Any CPU
		{56056E40-B55B-43BC-9CBE-B3F494494DCA}.Debug|Any CPU.Build.0 = Debug|Any CPU
		{56056E40-B55B-43BC-9CBE-B3F494494DCA}.Release|Any CPU.ActiveCfg = Release|Any CPU
		{56056E40-B55B-43BC-9CBE-B3F494494DCA}.Release|Any CPU.Build.0 = Release|Any CPU
		{1079DD41-0331-41F0-B955-D1F724E32193}.Debug|Any CPU.ActiveCfg = Debug|Any CPU
		{1079DD41-0331-41F0-B955-D1F724E32193}.Debug|Any CPU.Build.0 = Debug|Any CPU
		{1079DD41-0331-41F0-B955-D1F724E32193}.Release|Any CPU.ActiveCfg = Release|Any CPU
		{1079DD41-0331-41F0-B955-D1F724E32193}.Release|Any CPU.Build.0 = Release|Any CPU
		{E32D37C0-1815-4499-B0E9-33033FA66D1B}.Debug|Any CPU.ActiveCfg = Debug|Any CPU
		{E32D37C0-1815-4499-B0E9-33033FA66D1B}.Debug|Any CPU.Build.0 = Debug|Any CPU
		{E32D37C0-1815-4499-B0E9-33033FA66D1B}.Release|Any CPU.ActiveCfg = Release|Any CPU
		{E32D37C0-1815-4499-B0E9-33033FA66D1B}.Release|Any CPU.Build.0 = Release|Any CPU
		{D8B6F90F-4D68-4BF7-851C-06D135DE81D4}.Debug|Any CPU.ActiveCfg = Debug|Any CPU
		{D8B6F90F-4D68-4BF7-851C-06D135DE81D4}.Debug|Any CPU.Build.0 = Debug|Any CPU
		{D8B6F90F-4D68-4BF7-851C-06D135DE81D4}.Release|Any CPU.ActiveCfg = Release|Any CPU
		{D8B6F90F-4D68-4BF7-851C-06D135DE81D4}.Release|Any CPU.Build.0 = Release|Any CPU
		{37450C97-DEF6-434C-9EE5-8ADC76A038C5}.Debug|Any CPU.ActiveCfg = Debug|Any CPU
		{37450C97-DEF6-434C-9EE5-8ADC76A038C5}.Debug|Any CPU.Build.0 = Debug|Any CPU
		{37450C97-DEF6-434C-9EE5-8ADC76A038C5}.Release|Any CPU.ActiveCfg = Release|Any CPU
		{37450C97-DEF6-434C-9EE5-8ADC76A038C5}.Release|Any CPU.Build.0 = Release|Any CPU
	EndGlobalSection
	GlobalSection(SolutionProperties) = preSolution
		HideSolutionNode = FALSE
	EndGlobalSection
	GlobalSection(NestedProjects) = preSolution
		{63C3432E-B18E-4843-B20F-BA985149B7CC} = {39C0490E-1B72-42C2-8043-A3A398A4E5F8}
		{5A71E63B-51FD-4DAF-BCB0-DA3FE10F18A7} = {39C0490E-1B72-42C2-8043-A3A398A4E5F8}
		{5C37735D-6AC9-437E-B840-C044CE83EB93} = {39C0490E-1B72-42C2-8043-A3A398A4E5F8}
		{378CCCA9-1EB7-4C5F-9699-6AEB6451C74C} = {39C0490E-1B72-42C2-8043-A3A398A4E5F8}
		{A41FF17C-4E04-4838-B7F5-FB8452669B57} = {1251E13E-E3F5-42F1-A998-60D096B86887}
		{DBB4E0D7-9DCE-4D70-93EF-BC7D645C9F9B} = {1251E13E-E3F5-42F1-A998-60D096B86887}
		{B9CE7BE5-6394-4096-AE55-4824502C92E1} = {1251E13E-E3F5-42F1-A998-60D096B86887}
		{CB3DFBF1-56B0-41F6-B744-FFED7E0EFE4E} = {1251E13E-E3F5-42F1-A998-60D096B86887}
		{1A67EBC2-7033-4B9D-ADB2-ABAAF664DB57} = {A0522E26-B550-4CED-BE0B-139527EDDA03}
		{5B0162FC-D240-4416-9368-D94BDDBC6CF9} = {378CCCA9-1EB7-4C5F-9699-6AEB6451C74C}
		{A0522E26-B550-4CED-BE0B-139527EDDA03} = {378CCCA9-1EB7-4C5F-9699-6AEB6451C74C}
		{B8FFCBAA-B3A5-4596-AAE2-5FC985092AA0} = {63C3432E-B18E-4843-B20F-BA985149B7CC}
		{9FCD929A-9295-4BE2-ADA5-2196ABBB4057} = {63C3432E-B18E-4843-B20F-BA985149B7CC}
		{02F927D4-D508-4F5B-8F3A-CCCAF26AD711} = {5A71E63B-51FD-4DAF-BCB0-DA3FE10F18A7}
		{CFE2E965-7375-409C-A1F9-D8EBE17A9521} = {5A71E63B-51FD-4DAF-BCB0-DA3FE10F18A7}
		{97FF5836-0C8B-4FAF-84BE-D87827121D14} = {5C37735D-6AC9-437E-B840-C044CE83EB93}
		{223FF7E0-B729-4DA2-885E-4320BDBB9DAF} = {5C37735D-6AC9-437E-B840-C044CE83EB93}
		{9B378449-A8A7-4BD9-B6A3-5D44B705897F} = {A41FF17C-4E04-4838-B7F5-FB8452669B57}
		{2ED45B10-BA6A-4CEB-A8A4-656B02A58E87} = {A41FF17C-4E04-4838-B7F5-FB8452669B57}
		{79A1CEEF-DAEA-4D6E-8866-C8E421CFFB31} = {DBB4E0D7-9DCE-4D70-93EF-BC7D645C9F9B}
		{04ED84BF-9737-443E-8E68-85811970588B} = {DBB4E0D7-9DCE-4D70-93EF-BC7D645C9F9B}
		{482770C2-BB3B-42B7-8AC7-84DFFA519470} = {B9CE7BE5-6394-4096-AE55-4824502C92E1}
		{3489AE12-3827-485D-826C-6E1BC071BFBF} = {B9CE7BE5-6394-4096-AE55-4824502C92E1}
		{46142056-AF45-40F8-A7E0-45F9F462BA68} = {CB3DFBF1-56B0-41F6-B744-FFED7E0EFE4E}
		{58BB5A3B-F1DC-4922-8133-6FEE89A57D88} = {CB3DFBF1-56B0-41F6-B744-FFED7E0EFE4E}
		{675E97EC-BD25-445E-96CE-EABFC44B65C9} = {9FCD929A-9295-4BE2-ADA5-2196ABBB4057}
		{2CC6EBD6-2FD5-47A1-88E3-9C3EBB7B216A} = {CFE2E965-7375-409C-A1F9-D8EBE17A9521}
		{E838F75B-E270-482F-9983-D64AC88C491A} = {223FF7E0-B729-4DA2-885E-4320BDBB9DAF}
		{6AD00ADB-304D-4322-95B2-1A5DC96F6435} = {2ED45B10-BA6A-4CEB-A8A4-656B02A58E87}
		{A709216F-CDD8-40A8-A813-45FF812448E5} = {3489AE12-3827-485D-826C-6E1BC071BFBF}
		{31363B6C-DBA9-465A-846D-38EF40AA2A3F} = {58BB5A3B-F1DC-4922-8133-6FEE89A57D88}
		{D536A868-481C-4F5F-8B12-7A805753A31D} = {B8FFCBAA-B3A5-4596-AAE2-5FC985092AA0}
		{ACB41EC4-9C4B-4580-9AFD-586E81296714} = {02F927D4-D508-4F5B-8F3A-CCCAF26AD711}
		{CE2BEB8F-2C29-4140-952A-1A08DF5D8B11} = {97FF5836-0C8B-4FAF-84BE-D87827121D14}
		{97CD30E0-95BA-4B86-9040-AB5FF0A5224E} = {5B0162FC-D240-4416-9368-D94BDDBC6CF9}
		{5827C275-0F57-4C6E-AF71-1D20F01E4B56} = {9B378449-A8A7-4BD9-B6A3-5D44B705897F}
		{6BD305D0-7F46-4B3A-8436-6A030819DAAA} = {79A1CEEF-DAEA-4D6E-8866-C8E421CFFB31}
		{56056E40-B55B-43BC-9CBE-B3F494494DCA} = {04ED84BF-9737-443E-8E68-85811970588B}
		{7C65E95F-251C-49C5-835F-13F578A7E80C} = {1251E13E-E3F5-42F1-A998-60D096B86887}
		{83FC2ECC-F746-40D1-874C-28CDB1EDBCA4} = {7C65E95F-251C-49C5-835F-13F578A7E80C}
		{71D5C0ED-08EF-46B7-99DB-49F857684169} = {7C65E95F-251C-49C5-835F-13F578A7E80C}
		{1079DD41-0331-41F0-B955-D1F724E32193} = {71D5C0ED-08EF-46B7-99DB-49F857684169}
		{E32D37C0-1815-4499-B0E9-33033FA66D1B} = {83FC2ECC-F746-40D1-874C-28CDB1EDBCA4}
		{D8B6F90F-4D68-4BF7-851C-06D135DE81D4} = {482770C2-BB3B-42B7-8AC7-84DFFA519470}
		{37450C97-DEF6-434C-9EE5-8ADC76A038C5} = {46142056-AF45-40F8-A7E0-45F9F462BA68}
	EndGlobalSection
	GlobalSection(ExtensibilityGlobals) = postSolution
		SolutionGuid = {7835C130-E023-4C0A-B6B8-AA00390EFF9C}
	EndGlobalSection
EndGlobal
